
Microsoft Visual Studio Solution File, Format Version 12.00
# Visual Studio 15
Project("{FAE04EC0-301F-11D3-BF4B-00C04F79EFBC}") = "Assembly-CSharp", "Assembly-CSharp.csproj", "{EACE9D04-CB2C-BBA8-81FF-FF52A9355EEC}"
EndProject
Project("{FAE04EC0-301F-11D3-BF4B-00C04F79EFBC}") = "Assembly-CSharp-Editor", "Assembly-CSharp-Editor.csproj", "{AEE2B4A9-DE33-9E72-B72B-2D2A2128668A}"
EndProject
Global
	GlobalSection(SolutionConfigurationPlatforms) = preSolution
		Debug|Any CPU = Debug|Any CPU
		Release|Any CPU = Release|Any CPU
	EndGlobalSection
	GlobalSection(ProjectConfigurationPlatforms) = postSolution
		{EACE9D04-CB2C-BBA8-81FF-FF52A9355EEC}.Debug|Any CPU.ActiveCfg = Debug|Any CPU
		{EACE9D04-CB2C-BBA8-81FF-FF52A9355EEC}.Debug|Any CPU.Build.0 = Debug|Any CPU
		{EACE9D04-CB2C-BBA8-81FF-FF52A9355EEC}.Release|Any CPU.ActiveCfg = Release|Any CPU
		{EACE9D04-CB2C-BBA8-81FF-FF52A9355EEC}.Release|Any CPU.Build.0 = Release|Any CPU
		{AEE2B4A9-DE33-9E72-B72B-2D2A2128668A}.Debug|Any CPU.ActiveCfg = Debug|Any CPU
		{AEE2B4A9-DE33-9E72-B72B-2D2A2128668A}.Debug|Any CPU.Build.0 = Debug|Any CPU
		{AEE2B4A9-DE33-9E72-B72B-2D2A2128668A}.Release|Any CPU.ActiveCfg = Release|Any CPU
		{AEE2B4A9-DE33-9E72-B72B-2D2A2128668A}.Release|Any CPU.Build.0 = Release|Any CPU
	EndGlobalSection
	GlobalSection(SolutionProperties) = preSolution
		HideSolutionNode = FALSE
	EndGlobalSection
EndGlobal
